
Microsoft Visual Studio Solution File, Format Version 12.00
# Visual Studio 15
VisualStudioVersion = 15.0.28010.2003
MinimumVisualStudioVersion = 10.0.40219.1
Project("{8BC9CEB8-8B4A-11D0-8D11-00A0C91BC942}") = "Lad7", "Lad7\Lad7.vcxproj", "{185C30F7-05A2-486D-A7B2-0C94A8D318A5}"
EndProject
Global
	GlobalSection(SolutionConfigurationPlatforms) = preSolution
		Debug|x64 = Debug|x64
		Debug|x86 = Debug|x86
		Release|x64 = Release|x64
		Release|x86 = Release|x86
	EndGlobalSection
	GlobalSection(ProjectConfigurationPlatforms) = postSolution
		{185C30F7-05A2-486D-A7B2-0C94A8D318A5}.Debug|x64.ActiveCfg = Debug|x64
		{185C30F7-05A2-486D-A7B2-0C94A8D318A5}.Debug|x64.Build.0 = Debug|x64
		{185C30F7-05A2-486D-A7B2-0C94A8D318A5}.Debug|x86.ActiveCfg = Debug|Win32
		{185C30F7-05A2-486D-A7B2-0C94A8D318A5}.Debug|x86.Build.0 = Debug|Win32
		{185C30F7-05A2-486D-A7B2-0C94A8D318A5}.Release|x64.ActiveCfg = Release|x64
		{185C30F7-05A2-486D-A7B2-0C94A8D318A5}.Release|x64.Build.0 = Release|x64
		{185C30F7-05A2-486D-A7B2-0C94A8D318A5}.Release|x86.ActiveCfg = Release|Win32
		{185C30F7-05A2-486D-A7B2-0C94A8D318A5}.Release|x86.Build.0 = Release|Win32
	EndGlobalSection
	GlobalSection(SolutionProperties) = preSolution
		HideSolutionNode = FALSE
	EndGlobalSection
	GlobalSection(ExtensibilityGlobals) = postSolution
		SolutionGuid = {461470F7-16CC-43A6-8505-C56205B70C50}
	EndGlobalSection
EndGlobal
